
Microsoft Visual Studio Solution File, Format Version 12.00
# Visual Studio Version 17
VisualStudioVersion = 17.12.35521.163
MinimumVisualStudioVersion = 10.0.40219.1
Project("{FAE04EC0-301F-11D3-BF4B-00C04F79EFBC}") = "EntityId", "EntityId\EntityId.csproj", "{0C79BE6D-4865-4143-B2EC-111A5EC1A5E8}"
EndProject
Project("{FAE04EC0-301F-11D3-BF4B-00C04F79EFBC}") = "EntityId.Tests", "EntityId.Tests\EntityId.Tests.csproj", "{F7D5D546-947A-4886-B414-4AE2CE0FF94D}"
EndProject
Project("{FAE04EC0-301F-11D3-BF4B-00C04F79EFBC}") = "EntityId.StronglyTyped", "EntityId.StronglyTyped\EntityId.StronglyTyped.csproj", "{170DA890-975F-4937-BEDF-D4411CA423B4}"
EndProject
Project("{FAE04EC0-301F-11D3-BF4B-00C04F79EFBC}") = "EntityId.Generator", "EntityId.Generator\EntityId.Generator.csproj", "{96DFBA07-4563-4DC6-8E7B-6E7E682A8D2E}"
EndProject
Project("{FAE04EC0-301F-11D3-BF4B-00C04F79EFBC}") = "EntityId.Shared", "EntityId.Shared\EntityId.Shared.csproj", "{CE4AD423-DA65-48D0-8F39-A7E3052E5B13}"
EndProject
Project("{2150E333-8FDC-42A3-9474-1A3956D46DE8}") = "Solution Items", "Solution Items", "{8EC462FD-D22E-90A8-E5CE-7E832BA40C5D}"
	ProjectSection(SolutionItems) = preProject
		.editorconfig = .editorconfig
		.gitignore = .gitignore
	EndProjectSection
EndProject
Global
	GlobalSection(SolutionConfigurationPlatforms) = preSolution
		Debug|Any CPU = Debug|Any CPU
		Release|Any CPU = Release|Any CPU
	EndGlobalSection
	GlobalSection(ProjectConfigurationPlatforms) = postSolution
		{0C79BE6D-4865-4143-B2EC-111A5EC1A5E8}.Debug|Any CPU.ActiveCfg = Debug|Any CPU
		{0C79BE6D-4865-4143-B2EC-111A5EC1A5E8}.Debug|Any CPU.Build.0 = Debug|Any CPU
		{0C79BE6D-4865-4143-B2EC-111A5EC1A5E8}.Release|Any CPU.ActiveCfg = Release|Any CPU
		{0C79BE6D-4865-4143-B2EC-111A5EC1A5E8}.Release|Any CPU.Build.0 = Release|Any CPU
		{F7D5D546-947A-4886-B414-4AE2CE0FF94D}.Debug|Any CPU.ActiveCfg = Debug|Any CPU
		{F7D5D546-947A-4886-B414-4AE2CE0FF94D}.Debug|Any CPU.Build.0 = Debug|Any CPU
		{F7D5D546-947A-4886-B414-4AE2CE0FF94D}.Release|Any CPU.ActiveCfg = Release|Any CPU
		{F7D5D546-947A-4886-B414-4AE2CE0FF94D}.Release|Any CPU.Build.0 = Release|Any CPU
		{170DA890-975F-4937-BEDF-D4411CA423B4}.Debug|Any CPU.ActiveCfg = Debug|Any CPU
		{170DA890-975F-4937-BEDF-D4411CA423B4}.Debug|Any CPU.Build.0 = Debug|Any CPU
		{170DA890-975F-4937-BEDF-D4411CA423B4}.Release|Any CPU.ActiveCfg = Release|Any CPU
		{170DA890-975F-4937-BEDF-D4411CA423B4}.Release|Any CPU.Build.0 = Release|Any CPU
		{96DFBA07-4563-4DC6-8E7B-6E7E682A8D2E}.Debug|Any CPU.ActiveCfg = Debug|Any CPU
		{96DFBA07-4563-4DC6-8E7B-6E7E682A8D2E}.Debug|Any CPU.Build.0 = Debug|Any CPU
		{96DFBA07-4563-4DC6-8E7B-6E7E682A8D2E}.Release|Any CPU.ActiveCfg = Release|Any CPU
		{96DFBA07-4563-4DC6-8E7B-6E7E682A8D2E}.Release|Any CPU.Build.0 = Release|Any CPU
		{CE4AD423-DA65-48D0-8F39-A7E3052E5B13}.Debug|Any CPU.ActiveCfg = Debug|Any CPU
		{CE4AD423-DA65-48D0-8F39-A7E3052E5B13}.Debug|Any CPU.Build.0 = Debug|Any CPU
		{CE4AD423-DA65-48D0-8F39-A7E3052E5B13}.Release|Any CPU.ActiveCfg = Release|Any CPU
		{CE4AD423-DA65-48D0-8F39-A7E3052E5B13}.Release|Any CPU.Build.0 = Release|Any CPU
	EndGlobalSection
	GlobalSection(SolutionProperties) = preSolution
		HideSolutionNode = FALSE
	EndGlobalSection
	GlobalSection(ExtensibilityGlobals) = postSolution
		SolutionGuid = {A5B4E96A-9585-40ED-8171-2A408BA9D0A6}
	EndGlobalSection
EndGlobal
